// !$*UTF8*$!
{
	archiveVersion = 1;
	classes = {
	};
	objectVersion = 46;
	objects = {

/* Begin PBXBuildFile section */
		7942838B1E1368580080D5DC /* XBorderPreferentialPoliciesPickerCell.m in Sources */ = {isa = PBXBuildFile; fileRef = 7942838A1E1368580080D5DC /* XBorderPreferentialPoliciesPickerCell.m */; };
		7942838E1E1368700080D5DC /* TableViewController.m in Sources */ = {isa = PBXBuildFile; fileRef = 7942838D1E1368700080D5DC /* TableViewController.m */; };
		797D387E1E0E98BC001CE8DE /* main.m in Sources */ = {isa = PBXBuildFile; fileRef = 797D387D1E0E98BC001CE8DE /* main.m */; };
		797D38811E0E98BC001CE8DE /* AppDelegate.m in Sources */ = {isa = PBXBuildFile; fileRef = 797D38801E0E98BC001CE8DE /* AppDelegate.m */; };
		797D38841E0E98BC001CE8DE /* ViewController.m in Sources */ = {isa = PBXBuildFile; fileRef = 797D38831E0E98BC001CE8DE /* ViewController.m */; };
		797D38871E0E98BC001CE8DE /* Main.storyboard in Resources */ = {isa = PBXBuildFile; fileRef = 797D38851E0E98BC001CE8DE /* Main.storyboard */; };
		797D38891E0E98BC001CE8DE /* Assets.xcassets in Resources */ = {isa = PBXBuildFile; fileRef = 797D38881E0E98BC001CE8DE /* Assets.xcassets */; };
		797D388C1E0E98BC001CE8DE /* LaunchScreen.storyboard in Resources */ = {isa = PBXBuildFile; fileRef = 797D388A1E0E98BC001CE8DE /* LaunchScreen.storyboard */; };
		99152DD42FF5B41D1B0B9DBD /* libPods-test.a in Frameworks */ = {isa = PBXBuildFile; fileRef = 25815E2F375B2E5A8EAE9605 /* libPods-test.a */; };
/* End PBXBuildFile section */

/* Begin PBXFileReference section */
		25815E2F375B2E5A8EAE9605 /* libPods-test.a */ = {isa = PBXFileReference; explicitFileType = archive.ar; includeInIndex = 0; path = "libPods-test.a"; sourceTree = BUILT_PRODUCTS_DIR; };
		794283891E1368570080D5DC /* XBorderPreferentialPoliciesPickerCell.h */ = {isa = PBXFileReference; fileEncoding = 4; lastKnownFileType = sourcecode.c.h; path = XBorderPreferentialPoliciesPickerCell.h; sourceTree = "<group>"; };
		7942838A1E1368580080D5DC /* XBorderPreferentialPoliciesPickerCell.m */ = {isa = PBXFileReference; fileEncoding = 4; lastKnownFileType = sourcecode.c.objc; path = XBorderPreferentialPoliciesPickerCell.m; sourceTree = "<group>"; };
		7942838C1E1368700080D5DC /* TableViewController.h */ = {isa = PBXFileReference; fileEncoding = 4; lastKnownFileType = sourcecode.c.h; path = TableViewController.h; sourceTree = "<group>"; };
		7942838D1E1368700080D5DC /* TableViewController.m */ = {isa = PBXFileReference; fileEncoding = 4; lastKnownFileType = sourcecode.c.objc; path = TableViewController.m; sourceTree = "<group>"; };
		797D38791E0E98BC001CE8DE /* test.app */ = {isa = PBXFileReference; explicitFileType = wrapper.application; includeInIndex = 0; path = test.app; sourceTree = BUILT_PRODUCTS_DIR; };
		797D387D1E0E98BC001CE8DE /* main.m */ = {isa = PBXFileReference; lastKnownFileType = sourcecode.c.objc; path = main.m; sourceTree = "<group>"; };
		797D387F1E0E98BC001CE8DE /* AppDelegate.h */ = {isa = PBXFileReference; lastKnownFileType = sourcecode.c.h; path = AppDelegate.h; sourceTree = "<group>"; };
		797D38801E0E98BC001CE8DE /* AppDelegate.m */ = {isa = PBXFileReference; lastKnownFileType = sourcecode.c.objc; path = AppDelegate.m; sourceTree = "<group>"; };
		797D38821E0E98BC001CE8DE /* ViewController.h */ = {isa = PBXFileReference; lastKnownFileType = sourcecode.c.h; path = ViewController.h; sourceTree = "<group>"; };
		797D38831E0E98BC001CE8DE /* ViewController.m */ = {isa = PBXFileReference; lastKnownFileType = sourcecode.c.objc; path = ViewController.m; sourceTree = "<group>"; };
		797D38861E0E98BC001CE8DE /* Base */ = {isa = PBXFileReference; lastKnownFileType = file.storyboard; name = Base; path = Base.lproj/Main.storyboard; sourceTree = "<group>"; };
		797D38881E0E98BC001CE8DE /* Assets.xcassets */ = {isa = PBXFileReference; lastKnownFileType = folder.assetcatalog; path = Assets.xcassets; sourceTree = "<group>"; };
		797D388B1E0E98BC001CE8DE /* Base */ = {isa = PBXFileReference; lastKnownFileType = file.storyboard; name = Base; path = Base.lproj/LaunchScreen.storyboard; sourceTree = "<group>"; };
		797D388D1E0E98BC001CE8DE /* Info.plist */ = {isa = PBXFileReference; lastKnownFileType = text.plist.xml; path = Info.plist; sourceTree = "<group>"; };
		797D38931E0E99F7001CE8DE /* PrefixHeader.pch */ = {isa = PBXFileReference; lastKnownFileType = sourcecode.c.h; path = PrefixHeader.pch; sourceTree = "<group>"; };
		7CC706DFA597F123A9A9C98C /* Pods-test.release.xcconfig */ = {isa = PBXFileReference; includeInIndex = 1; lastKnownFileType = text.xcconfig; name = "Pods-test.release.xcconfig"; path = "Pods/Target Support Files/Pods-test/Pods-test.release.xcconfig"; sourceTree = "<group>"; };
		A5FD0058CEB2E24A1CAB24C2 /* Pods-test.debug.xcconfig */ = {isa = PBXFileReference; includeInIndex = 1; lastKnownFileType = text.xcconfig; name = "Pods-test.debug.xcconfig"; path = "Pods/Target Support Files/Pods-test/Pods-test.debug.xcconfig"; sourceTree = "<group>"; };
/* End PBXFileReference section */

/* Begin PBXFrameworksBuildPhase section */
		797D38761E0E98BC001CE8DE /* Frameworks */ = {
			isa = PBXFrameworksBuildPhase;
			buildActionMask = 2147483647;
			files = (
				99152DD42FF5B41D1B0B9DBD /* libPods-test.a in Frameworks */,
			);
			runOnlyForDeploymentPostprocessing = 0;
		};
/* End PBXFrameworksBuildPhase section */

/* Begin PBXGroup section */
		4C4844F6F56B7D2ECA49C83E /* Frameworks */ = {
			isa = PBXGroup;
			children = (
				25815E2F375B2E5A8EAE9605 /* libPods-test.a */,
			);
			name = Frameworks;
			sourceTree = "<group>";
		};
		794283881E13682F0080D5DC /* TableViewCellLayout */ = {
			isa = PBXGroup;
			children = (
				794283891E1368570080D5DC /* XBorderPreferentialPoliciesPickerCell.h */,
				7942838A1E1368580080D5DC /* XBorderPreferentialPoliciesPickerCell.m */,
				7942838C1E1368700080D5DC /* TableViewController.h */,
				7942838D1E1368700080D5DC /* TableViewController.m */,
			);
			path = TableViewCellLayout;
			sourceTree = "<group>";
		};
		797D38701E0E98BC001CE8DE = {
			isa = PBXGroup;
			children = (
				797D387B1E0E98BC001CE8DE /* test */,
				797D387A1E0E98BC001CE8DE /* Products */,
				D4DF2F5186CC5784FCDE8081 /* Pods */,
				4C4844F6F56B7D2ECA49C83E /* Frameworks */,
			);
			sourceTree = "<group>";
		};
		797D387A1E0E98BC001CE8DE /* Products */ = {
			isa = PBXGroup;
			children = (
				797D38791E0E98BC001CE8DE /* test.app */,
			);
			name = Products;
			sourceTree = "<group>";
		};
		797D387B1E0E98BC001CE8DE /* test */ = {
			isa = PBXGroup;
			children = (
				794283881E13682F0080D5DC /* TableViewCellLayout */,
				797D387F1E0E98BC001CE8DE /* AppDelegate.h */,
				797D38801E0E98BC001CE8DE /* AppDelegate.m */,
				797D38821E0E98BC001CE8DE /* ViewController.h */,
				797D38831E0E98BC001CE8DE /* ViewController.m */,
				797D38851E0E98BC001CE8DE /* Main.storyboard */,
				797D38881E0E98BC001CE8DE /* Assets.xcassets */,
				797D388A1E0E98BC001CE8DE /* LaunchScreen.storyboard */,
				797D388D1E0E98BC001CE8DE /* Info.plist */,
				797D387C1E0E98BC001CE8DE /* Supporting Files */,
			);
			path = test;
			sourceTree = "<group>";
		};
		797D387C1E0E98BC001CE8DE /* Supporting Files */ = {
			isa = PBXGroup;
			children = (
				797D387D1E0E98BC001CE8DE /* main.m */,
				797D38931E0E99F7001CE8DE /* PrefixHeader.pch */,
			);
			name = "Supporting Files";
			sourceTree = "<group>";
		};
		D4DF2F5186CC5784FCDE8081 /* Pods */ = {
			isa = PBXGroup;
			children = (
				A5FD0058CEB2E24A1CAB24C2 /* Pods-test.debug.xcconfig */,
				7CC706DFA597F123A9A9C98C /* Pods-test.release.xcconfig */,
			);
			name = Pods;
			sourceTree = "<group>";
		};
/* End PBXGroup section */

/* Begin PBXNativeTarget section */
		797D38781E0E98BC001CE8DE /* test */ = {
			isa = PBXNativeTarget;
			buildConfigurationList = 797D38901E0E98BC001CE8DE /* Build configuration list for PBXNativeTarget "test" */;
			buildPhases = (
				B79CC3C6FE41D05D55F0ABE5 /* Check Pods Manifest.lock */,
				797D38751E0E98BC001CE8DE /* Sources */,
				797D38761E0E98BC001CE8DE /* Frameworks */,
				797D38771E0E98BC001CE8DE /* Resources */,
				2F13F5F1C316F91DF7E3C4BC /* Embed Pods Frameworks */,
				53D22CC4FB03AC496F8BB2FC /* Copy Pods Resources */,
			);
			buildRules = (
			);
			dependencies = (
			);
			name = test;
			productName = test;
			productReference = 797D38791E0E98BC001CE8DE /* test.app */;
			productType = "com.apple.product-type.application";
		};
/* End PBXNativeTarget section */

/* Begin PBXProject section */
		797D38711E0E98BC001CE8DE /* Project object */ = {
			isa = PBXProject;
			attributes = {
				LastUpgradeCheck = 0820;
				ORGANIZATIONNAME = com.borderXLab;
				TargetAttributes = {
					797D38781E0E98BC001CE8DE = {
						CreatedOnToolsVersion = 8.2.1;
						DevelopmentTeam = XKN7UAR3T4;
						ProvisioningStyle = Automatic;
					};
				};
			};
			buildConfigurationList = 797D38741E0E98BC001CE8DE /* Build configuration list for PBXProject "test" */;
			compatibilityVersion = "Xcode 3.2";
			developmentRegion = English;
			hasScannedForEncodings = 0;
			knownRegions = (
				en,
				Base,
			);
			mainGroup = 797D38701E0E98BC001CE8DE;
			productRefGroup = 797D387A1E0E98BC001CE8DE /* Products */;
			projectDirPath = "";
			projectRoot = "";
			targets = (
				797D38781E0E98BC001CE8DE /* test */,
			);
		};
/* End PBXProject section */

/* Begin PBXResourcesBuildPhase section */
		797D38771E0E98BC001CE8DE /* Resources */ = {
			isa = PBXResourcesBuildPhase;
			buildActionMask = 2147483647;
			files = (
				797D388C1E0E98BC001CE8DE /* LaunchScreen.storyboard in Resources */,
				797D38891E0E98BC001CE8DE /* Assets.xcassets in Resources */,
				797D38871E0E98BC001CE8DE /* Main.storyboard in Resources */,
			);
			runOnlyForDeploymentPostprocessing = 0;
		};
/* End PBXResourcesBuildPhase section */

/* Begin PBXShellScriptBuildPhase section */
		2F13F5F1C316F91DF7E3C4BC /* Embed Pods Frameworks */ = {
			isa = PBXShellScriptBuildPhase;
			buildActionMask = 2147483647;
			files = (
			);
			inputPaths = (
			);
			name = "Embed Pods Frameworks";
			outputPaths = (
			);
			runOnlyForDeploymentPostprocessing = 0;
			shellPath = /bin/sh;
			shellScript = "\"${SRCROOT}/Pods/Target Support Files/Pods-test/Pods-test-frameworks.sh\"\n";
			showEnvVarsInLog = 0;
		};
		53D22CC4FB03AC496F8BB2FC /* Copy Pods Resources */ = {
			isa = PBXShellScriptBuildPhase;
			buildActionMask = 2147483647;
			files = (
			);
			inputPaths = (
			);
			name = "Copy Pods Resources";
			outputPaths = (
			);
			runOnlyForDeploymentPostprocessing = 0;
			shellPath = /bin/sh;
			shellScript = "\"${SRCROOT}/Pods/Target Support Files/Pods-test/Pods-test-resources.sh\"\n";
			showEnvVarsInLog = 0;
		};
		B79CC3C6FE41D05D55F0ABE5 /* Check Pods Manifest.lock */ = {
			isa = PBXShellScriptBuildPhase;
			buildActionMask = 2147483647;
			files = (
			);
			inputPaths = (
			);
			name = "Check Pods Manifest.lock";
			outputPaths = (
			);
			runOnlyForDeploymentPostprocessing = 0;
			shellPath = /bin/sh;
			shellScript = "diff \"${PODS_ROOT}/../Podfile.lock\" \"${PODS_ROOT}/Manifest.lock\" > /dev/null\nif [[ $? != 0 ]] ; then\n    cat << EOM\nerror: The sandbox is not in sync with the Podfile.lock. Run 'pod install' or update your CocoaPods installation.\nEOM\n    exit 1\nfi\n";
			showEnvVarsInLog = 0;
		};
/* End PBXShellScriptBuildPhase section */

/* Begin PBXSourcesBuildPhase section */
		797D38751E0E98BC001CE8DE /* Sources */ = {
			isa = PBXSourcesBuildPhase;
			buildActionMask = 2147483647;
			files = (
				797D38841E0E98BC001CE8DE /* ViewController.m in Sources */,
				797D38811E0E98BC001CE8DE /* AppDelegate.m in Sources */,
				797D387E1E0E98BC001CE8DE /* main.m in Sources */,
				7942838E1E1368700080D5DC /* TableViewController.m in Sources */,
				7942838B1E1368580080D5DC /* XBorderPreferentialPoliciesPickerCell.m in Sources */,
			);
			runOnlyForDeploymentPostprocessing = 0;
		};
/* End PBXSourcesBuildPhase section */

/* Begin PBXVariantGroup section */
		797D38851E0E98BC001CE8DE /* Main.storyboard */ = {
			isa = PBXVariantGroup;
			children = (
				797D38861E0E98BC001CE8DE /* Base */,
			);
			name = Main.storyboard;
			sourceTree = "<group>";
		};
		797D388A1E0E98BC001CE8DE /* LaunchScreen.storyboard */ = {
			isa = PBXVariantGroup;
			children = (
				797D388B1E0E98BC001CE8DE /* Base */,
			);
			name = LaunchScreen.storyboard;
			sourceTree = "<group>";
		};
/* End PBXVariantGroup section */

/* Begin XCBuildConfiguration section */
		797D388E1E0E98BC001CE8DE /* Debug */ = {
			isa = XCBuildConfiguration;
			buildSettings = {
				ALWAYS_SEARCH_USER_PATHS = NO;
				CLANG_ANALYZER_NONNULL = YES;
				CLANG_CXX_LANGUAGE_STANDARD = "gnu++0x";
				CLANG_CXX_LIBRARY = "libc++";
				CLANG_ENABLE_MODULES = YES;
				CLANG_ENABLE_OBJC_ARC = YES;
				CLANG_WARN_BOOL_CONVERSION = YES;
				CLANG_WARN_CONSTANT_CONVERSION = YES;
				CLANG_WARN_DIRECT_OBJC_ISA_USAGE = YES_ERROR;
				CLANG_WARN_DOCUMENTATION_COMMENTS = YES;
				CLANG_WARN_EMPTY_BODY = YES;
				CLANG_WARN_ENUM_CONVERSION = YES;
				CLANG_WARN_INFINITE_RECURSION = YES;
				CLANG_WARN_INT_CONVERSION = YES;
				CLANG_WARN_OBJC_ROOT_CLASS = YES_ERROR;
				CLANG_WARN_SUSPICIOUS_MOVE = YES;
				CLANG_WARN_UNREACHABLE_CODE = YES;
				CLANG_WARN__DUPLICATE_METHOD_MATCH = YES;
				"CODE_SIGN_IDENTITY[sdk=iphoneos*]" = "iPhone Developer";
				COPY_PHASE_STRIP = NO;
				DEBUG_INFORMATION_FORMAT = dwarf;
				ENABLE_STRICT_OBJC_MSGSEND = YES;
				ENABLE_TESTABILITY = YES;
				GCC_C_LANGUAGE_STANDARD = gnu99;
				GCC_DYNAMIC_NO_PIC = NO;
				GCC_NO_COMMON_BLOCKS = YES;
				GCC_OPTIMIZATION_LEVEL = 0;
				GCC_PREPROCESSOR_DEFINITIONS = (
					"DEBUG=1",
					"$(inherited)",
				);
				GCC_WARN_64_TO_32_BIT_CONVERSION = YES;
				GCC_WARN_ABOUT_RETURN_TYPE = YES_ERROR;
				GCC_WARN_UNDECLARED_SELECTOR = YES;
				GCC_WARN_UNINITIALIZED_AUTOS = YES_AGGRESSIVE;
				GCC_WARN_UNUSED_FUNCTION = YES;
				GCC_WARN_UNUSED_VARIABLE = YES;
				IPHONEOS_DEPLOYMENT_TARGET = 10.2;
				MTL_ENABLE_DEBUG_INFO = YES;
				ONLY_ACTIVE_ARCH = YES;
				SDKROOT = iphoneos;
				TARGETED_DEVICE_FAMILY = "1,2";
			};
			name = Debug;
		};
		797D388F1E0E98BC001CE8DE /* Release */ = {
			isa = XCBuildConfiguration;
			buildSettings = {
				ALWAYS_SEARCH_USER_PATHS = NO;
				CLANG_ANALYZER_NONNULL = YES;
				CLANG_CXX_LANGUAGE_STANDARD = "gnu++0x";
				CLANG_CXX_LIBRARY = "libc++";
				CLANG_ENABLE_MODULES = YES;
				CLANG_ENABLE_OBJC_ARC = YES;
				CLANG_WARN_BOOL_CONVERSION = YES;
				CLANG_WARN_CONSTANT_CONVERSION = YES;
				CLANG_WARN_DIRECT_OBJC_ISA_USAGE = YES_ERROR;
				CLANG_WARN_DOCUMENTATION_COMMENTS = YES;
				CLANG_WARN_EMPTY_BODY = YES;
				CLANG_WARN_ENUM_CONVERSION = YES;
				CLANG_WARN_INFINITE_RECURSION = YES;
				CLANG_WARN_INT_CONVERSION = YES;
				CLANG_WARN_OBJC_ROOT_CLASS = YES_ERROR;
				CLANG_WARN_SUSPICIOUS_MOVE = YES;
				CLANG_WARN_UNREACHABLE_CODE = YES;
				CLANG_WARN__DUPLICATE_METHOD_MATCH = YES;
				"CODE_SIGN_IDENTITY[sdk=iphoneos*]" = "iPhone Developer";
				COPY_PHASE_STRIP = NO;
				DEBUG_INFORMATION_FORMAT = "dwarf-with-dsym";
				ENABLE_NS_ASSERTIONS = NO;
				ENABLE_STRICT_OBJC_MSGSEND = YES;
				GCC_C_LANGUAGE_STANDARD = gnu99;
				GCC_NO_COMMON_BLOCKS = YES;
				GCC_WARN_64_TO_32_BIT_CONVERSION = YES;
				GCC_WARN_ABOUT_RETURN_TYPE = YES_ERROR;
				GCC_WARN_UNDECLARED_SELECTOR = YES;
				GCC_WARN_UNINITIALIZED_AUTOS = YES_AGGRESSIVE;
				GCC_WARN_UNUSED_FUNCTION = YES;
				GCC_WARN_UNUSED_VARIABLE = YES;
				IPHONEOS_DEPLOYMENT_TARGET = 10.2;
				MTL_ENABLE_DEBUG_INFO = NO;
				SDKROOT = iphoneos;
				TARGETED_DEVICE_FAMILY = "1,2";
				VALIDATE_PRODUCT = YES;
			};
			name = Release;
		};
		797D38911E0E98BC001CE8DE /* Debug */ = {
			isa = XCBuildConfiguration;
			baseConfigurationReference = A5FD0058CEB2E24A1CAB24C2 /* Pods-test.debug.xcconfig */;
			buildSettings = {
				ASSETCATALOG_COMPILER_APPICON_NAME = AppIcon;
				DEVELOPMENT_TEAM = XKN7UAR3T4;
				GCC_PREFIX_HEADER = test/PrefixHeader.pch;
				INFOPLIST_FILE = test/Info.plist;
				IPHONEOS_DEPLOYMENT_TARGET = 8.0;
				LD_RUNPATH_SEARCH_PATHS = "$(inherited) @executable_path/Frameworks";
				PRODUCT_BUNDLE_IDENTIFIER = com.borderXLab.test;
				PRODUCT_NAME = "$(TARGET_NAME)";
			};
			name = Debug;
		};
		797D38921E0E98BC001CE8DE /* Release */ = {
			isa = XCBuildConfiguration;
			baseConfigurationReference = 7CC706DFA597F123A9A9C98C /* Pods-test.release.xcconfig */;
			buildSettings = {
				ASSETCATALOG_COMPILER_APPICON_NAME = AppIcon;
				DEVELOPMENT_TEAM = XKN7UAR3T4;
				GCC_PREFIX_HEADER = test/PrefixHeader.pch;
				INFOPLIST_FILE = test/Info.plist;
				IPHONEOS_DEPLOYMENT_TARGET = 8.0;
				LD_RUNPATH_SEARCH_PATHS = "$(inherited) @executable_path/Frameworks";
				PRODUCT_BUNDLE_IDENTIFIER = com.borderXLab.test;
				PRODUCT_NAME = "$(TARGET_NAME)";
			};
			name = Release;
		};
/* End XCBuildConfiguration section */

/* Begin XCConfigurationList section */
		797D38741E0E98BC001CE8DE /* Build configuration list for PBXProject "test" */ = {
			isa = XCConfigurationList;
			buildConfigurations = (
				797D388E1E0E98BC001CE8DE /* Debug */,
				797D388F1E0E98BC001CE8DE /* Release */,
			);
			defaultConfigurationIsVisible = 0;
			defaultConfigurationName = Release;
		};
		797D38901E0E98BC001CE8DE /* Build configuration list for PBXNativeTarget "test" */ = {
			isa = XCConfigurationList;
			buildConfigurations = (
				797D38911E0E98BC001CE8DE /* Debug */,
				797D38921E0E98BC001CE8DE /* Release */,
			);
			defaultConfigurationIsVisible = 0;
			defaultConfigurationName = Release;
		};
/* End XCConfigurationList section */
	};
	rootObject = 797D38711E0E98BC001CE8DE /* Project object */;
}
